
Microsoft Visual Studio Solution File, Format Version 12.00
# Visual Studio Version 17
VisualStudioVersion = 17.1.31903.286
MinimumVisualStudioVersion = 10.0.40219.1
Project("{FAE04EC0-301F-11D3-BF4B-00C04F79EFBC}") = "TicTacToe", "TicTacToe\TicTacToe.csproj", "{04673B69-E866-4B2C-B5B3-F77E31542756}"
EndProject
Global
	GlobalSection(SolutionConfigurationPlatforms) = preSolution
		Debug|Any CPU = Debug|Any CPU
		Release|Any CPU = Release|Any CPU
	EndGlobalSection
	GlobalSection(ProjectConfigurationPlatforms) = postSolution
		{04673B69-E866-4B2C-B5B3-F77E31542756}.Debug|Any CPU.ActiveCfg = Debug|Any CPU
		{04673B69-E866-4B2C-B5B3-F77E31542756}.Debug|Any CPU.Build.0 = Debug|Any CPU
		{04673B69-E866-4B2C-B5B3-F77E31542756}.Release|Any CPU.ActiveCfg = Release|Any CPU
		{04673B69-E866-4B2C-B5B3-F77E31542756}.Release|Any CPU.Build.0 = Release|Any CPU
	EndGlobalSection
	GlobalSection(SolutionProperties) = preSolution
		HideSolutionNode = FALSE
	EndGlobalSection
	GlobalSection(ExtensibilityGlobals) = postSolution
		SolutionGuid = {B356F2C7-4F62-4934-9058-CF837F490632}
	EndGlobalSection
EndGlobal
